
Microsoft Visual Studio Solution File, Format Version 12.00
# Visual Studio Version 16
VisualStudioVersion = 16.0.30413.136
MinimumVisualStudioVersion = 10.0.40219.1
Project("{FAE04EC0-301F-11D3-BF4B-00C04F79EFBC}") = "EnglishBook", "EnglishBook\EnglishBook.csproj", "{D2137DAA-D452-4BC1-89BB-68E6ED67C49B}"
EndProject
Global
	GlobalSection(SolutionConfigurationPlatforms) = preSolution
		Debug|Any CPU = Debug|Any CPU
		Release|Any CPU = Release|Any CPU
	EndGlobalSection
	GlobalSection(ProjectConfigurationPlatforms) = postSolution
		{D2137DAA-D452-4BC1-89BB-68E6ED67C49B}.Debug|Any CPU.ActiveCfg = Debug|Any CPU
		{D2137DAA-D452-4BC1-89BB-68E6ED67C49B}.Debug|Any CPU.Build.0 = Debug|Any CPU
		{D2137DAA-D452-4BC1-89BB-68E6ED67C49B}.Release|Any CPU.ActiveCfg = Release|Any CPU
		{D2137DAA-D452-4BC1-89BB-68E6ED67C49B}.Release|Any CPU.Build.0 = Release|Any CPU
	EndGlobalSection
	GlobalSection(SolutionProperties) = preSolution
		HideSolutionNode = FALSE
	EndGlobalSection
	GlobalSection(ExtensibilityGlobals) = postSolution
		SolutionGuid = {EFBF27A2-78F5-4A17-B08B-9271B5BFA6E1}
	EndGlobalSection
EndGlobal
